// !$*UTF8*$!
{
	archiveVersion = 1;
	classes = {
	};
	objectVersion = 55;
	objects = {

/* Begin PBXBuildFile section */
		446569F12B1B9D3F00520FFE /* Localizable.xcstrings in Resources */ = {isa = PBXBuildFile; fileRef = 446569F02B1B9D3F00520FFE /* Localizable.xcstrings */; };
		446885F627BD958C000BA456 /* MyTimeCounterApp.swift in Sources */ = {isa = PBXBuildFile; fileRef = 446885F527BD958C000BA456 /* MyTimeCounterApp.swift */; };
		446885F827BD958C000BA456 /* ContentView.swift in Sources */ = {isa = PBXBuildFile; fileRef = 446885F727BD958C000BA456 /* ContentView.swift */; };
		446885FA27BD958D000BA456 /* Assets.xcassets in Resources */ = {isa = PBXBuildFile; fileRef = 446885F927BD958D000BA456 /* Assets.xcassets */; };
		446885FD27BD958D000BA456 /* Preview Assets.xcassets in Resources */ = {isa = PBXBuildFile; fileRef = 446885FC27BD958D000BA456 /* Preview Assets.xcassets */; };
		4483B3C22902FF7000C36ADA /* ALLMYDATES.json in Resources */ = {isa = PBXBuildFile; fileRef = 4483B3C12902FF7000C36ADA /* ALLMYDATES.json */; };
		44A9FDBB290441A6005C1D4B /* DaysBetweenLineChart.swift in Sources */ = {isa = PBXBuildFile; fileRef = 44A9FDBA290441A6005C1D4B /* DaysBetweenLineChart.swift */; };
		44C084CD29056CB9005D2C4B /* ConfettiView.swift in Sources */ = {isa = PBXBuildFile; fileRef = 44C084CC29056CB9005D2C4B /* ConfettiView.swift */; };
		44D3AFF828FEFB280066A265 /* DatesChart.swift in Sources */ = {isa = PBXBuildFile; fileRef = 44D3AFF728FEFB280066A265 /* DatesChart.swift */; };
		44D3AFFA28FF185C0066A265 /* EventList.swift in Sources */ = {isa = PBXBuildFile; fileRef = 44D3AFF928FF185C0066A265 /* EventList.swift */; };
		44D5209C27DD708B0032BBAD /* DataModel.swift in Sources */ = {isa = PBXBuildFile; fileRef = 444193F827DD020900E3744A /* DataModel.swift */; };
/* End PBXBuildFile section */

/* Begin PBXCopyFilesBuildPhase section */
		446D7A5227D6CFAC003CE56B /* Embed Foundation Extensions */ = {
			isa = PBXCopyFilesBuildPhase;
			buildActionMask = 2147483647;
			dstPath = "";
			dstSubfolderSpec = 13;
			files = (
			);
			name = "Embed Foundation Extensions";
			runOnlyForDeploymentPostprocessing = 0;
		};
/* End PBXCopyFilesBuildPhase section */

/* Begin PBXFileReference section */
		444193F827DD020900E3744A /* DataModel.swift */ = {isa = PBXFileReference; lastKnownFileType = sourcecode.swift; path = DataModel.swift; sourceTree = "<group>"; };
		446569F02B1B9D3F00520FFE /* Localizable.xcstrings */ = {isa = PBXFileReference; lastKnownFileType = text.json.xcstrings; path = Localizable.xcstrings; sourceTree = "<group>"; };
		446885F227BD958C000BA456 /* MyTimeCounter.app */ = {isa = PBXFileReference; explicitFileType = wrapper.application; includeInIndex = 0; path = MyTimeCounter.app; sourceTree = BUILT_PRODUCTS_DIR; };
		446885F527BD958C000BA456 /* MyTimeCounterApp.swift */ = {isa = PBXFileReference; lastKnownFileType = sourcecode.swift; path = MyTimeCounterApp.swift; sourceTree = "<group>"; };
		446885F727BD958C000BA456 /* ContentView.swift */ = {isa = PBXFileReference; lastKnownFileType = sourcecode.swift; path = ContentView.swift; sourceTree = "<group>"; };
		446885F927BD958D000BA456 /* Assets.xcassets */ = {isa = PBXFileReference; lastKnownFileType = folder.assetcatalog; path = Assets.xcassets; sourceTree = "<group>"; };
		446885FC27BD958D000BA456 /* Preview Assets.xcassets */ = {isa = PBXFileReference; lastKnownFileType = folder.assetcatalog; path = "Preview Assets.xcassets"; sourceTree = "<group>"; };
		446D7A4227D6CFAA003CE56B /* WidgetKit.framework */ = {isa = PBXFileReference; lastKnownFileType = wrapper.framework; name = WidgetKit.framework; path = System/Library/Frameworks/WidgetKit.framework; sourceTree = SDKROOT; };
		446D7A4427D6CFAA003CE56B /* SwiftUI.framework */ = {isa = PBXFileReference; lastKnownFileType = wrapper.framework; name = SwiftUI.framework; path = System/Library/Frameworks/SwiftUI.framework; sourceTree = SDKROOT; };
		4483B3C12902FF7000C36ADA /* ALLMYDATES.json */ = {isa = PBXFileReference; fileEncoding = 4; lastKnownFileType = text.json; path = ALLMYDATES.json; sourceTree = "<group>"; };
		44A9FDBA290441A6005C1D4B /* DaysBetweenLineChart.swift */ = {isa = PBXFileReference; lastKnownFileType = sourcecode.swift; path = DaysBetweenLineChart.swift; sourceTree = "<group>"; };
		44C084CC29056CB9005D2C4B /* ConfettiView.swift */ = {isa = PBXFileReference; lastKnownFileType = sourcecode.swift; path = ConfettiView.swift; sourceTree = "<group>"; };
		44D3AFF728FEFB280066A265 /* DatesChart.swift */ = {isa = PBXFileReference; lastKnownFileType = sourcecode.swift; path = DatesChart.swift; sourceTree = "<group>"; };
		44D3AFF928FF185C0066A265 /* EventList.swift */ = {isa = PBXFileReference; lastKnownFileType = sourcecode.swift; path = EventList.swift; sourceTree = "<group>"; };
/* End PBXFileReference section */

/* Begin PBXFrameworksBuildPhase section */
		446885EF27BD958C000BA456 /* Frameworks */ = {
			isa = PBXFrameworksBuildPhase;
			buildActionMask = 2147483647;
			files = (
			);
			runOnlyForDeploymentPostprocessing = 0;
		};
/* End PBXFrameworksBuildPhase section */

/* Begin PBXGroup section */
		446885E927BD958C000BA456 = {
			isa = PBXGroup;
			children = (
				4481285827DE376000320658 /* Model */,
				446885F427BD958C000BA456 /* MyTimeCounter */,
				446D7A4127D6CFAA003CE56B /* Frameworks */,
				446885F327BD958C000BA456 /* Products */,
			);
			sourceTree = "<group>";
		};
		446885F327BD958C000BA456 /* Products */ = {
			isa = PBXGroup;
			children = (
				446885F227BD958C000BA456 /* MyTimeCounter.app */,
			);
			name = Products;
			sourceTree = "<group>";
		};
		446885F427BD958C000BA456 /* MyTimeCounter */ = {
			isa = PBXGroup;
			children = (
				446569F02B1B9D3F00520FFE /* Localizable.xcstrings */,
				446885F527BD958C000BA456 /* MyTimeCounterApp.swift */,
				446885F727BD958C000BA456 /* ContentView.swift */,
				44D3AFF728FEFB280066A265 /* DatesChart.swift */,
				44D3AFF928FF185C0066A265 /* EventList.swift */,
				44A9FDBA290441A6005C1D4B /* DaysBetweenLineChart.swift */,
				44C084CC29056CB9005D2C4B /* ConfettiView.swift */,
				446885F927BD958D000BA456 /* Assets.xcassets */,
				4483B3C12902FF7000C36ADA /* ALLMYDATES.json */,
				446885FB27BD958D000BA456 /* Preview Content */,
			);
			path = MyTimeCounter;
			sourceTree = "<group>";
		};
		446885FB27BD958D000BA456 /* Preview Content */ = {
			isa = PBXGroup;
			children = (
				446885FC27BD958D000BA456 /* Preview Assets.xcassets */,
			);
			path = "Preview Content";
			sourceTree = "<group>";
		};
		446D7A4127D6CFAA003CE56B /* Frameworks */ = {
			isa = PBXGroup;
			children = (
				446D7A4227D6CFAA003CE56B /* WidgetKit.framework */,
				446D7A4427D6CFAA003CE56B /* SwiftUI.framework */,
			);
			name = Frameworks;
			sourceTree = "<group>";
		};
		4481285827DE376000320658 /* Model */ = {
			isa = PBXGroup;
			children = (
				444193F827DD020900E3744A /* DataModel.swift */,
			);
			path = Model;
			sourceTree = "<group>";
		};
/* End PBXGroup section */

/* Begin PBXNativeTarget section */
		446885F127BD958C000BA456 /* MyTimeCounter */ = {
			isa = PBXNativeTarget;
			buildConfigurationList = 4468860027BD958D000BA456 /* Build configuration list for PBXNativeTarget "MyTimeCounter" */;
			buildPhases = (
				446885EE27BD958C000BA456 /* Sources */,
				446885EF27BD958C000BA456 /* Frameworks */,
				446885F027BD958C000BA456 /* Resources */,
				446D7A5227D6CFAC003CE56B /* Embed Foundation Extensions */,
			);
			buildRules = (
			);
			dependencies = (
			);
			name = MyTimeCounter;
			packageProductDependencies = (
			);
			productName = MyTimeCounter;
			productReference = 446885F227BD958C000BA456 /* MyTimeCounter.app */;
			productType = "com.apple.product-type.application";
		};
/* End PBXNativeTarget section */

/* Begin PBXProject section */
		446885EA27BD958C000BA456 /* Project object */ = {
			isa = PBXProject;
			attributes = {
				BuildIndependentTargetsInParallel = 1;
				LastSwiftUpdateCheck = 1320;
				LastUpgradeCheck = 1400;
				TargetAttributes = {
					446885F127BD958C000BA456 = {
						CreatedOnToolsVersion = 13.2.1;
					};
				};
			};
			buildConfigurationList = 446885ED27BD958C000BA456 /* Build configuration list for PBXProject "MyTimeCounter" */;
			compatibilityVersion = "Xcode 13.0";
			developmentRegion = en;
			hasScannedForEncodings = 0;
			knownRegions = (
				en,
				Base,
				"en-GB",
				es,
			);
			mainGroup = 446885E927BD958C000BA456;
			packageReferences = (
			);
			productRefGroup = 446885F327BD958C000BA456 /* Products */;
			projectDirPath = "";
			projectRoot = "";
			targets = (
				446885F127BD958C000BA456 /* MyTimeCounter */,
			);
		};
/* End PBXProject section */

/* Begin PBXResourcesBuildPhase section */
		446885F027BD958C000BA456 /* Resources */ = {
			isa = PBXResourcesBuildPhase;
			buildActionMask = 2147483647;
			files = (
				446885FD27BD958D000BA456 /* Preview Assets.xcassets in Resources */,
				446569F12B1B9D3F00520FFE /* Localizable.xcstrings in Resources */,
				446885FA27BD958D000BA456 /* Assets.xcassets in Resources */,
				4483B3C22902FF7000C36ADA /* ALLMYDATES.json in Resources */,
			);
			runOnlyForDeploymentPostprocessing = 0;
		};
/* End PBXResourcesBuildPhase section */

/* Begin PBXSourcesBuildPhase section */
		446885EE27BD958C000BA456 /* Sources */ = {
			isa = PBXSourcesBuildPhase;
			buildActionMask = 2147483647;
			files = (
				44C084CD29056CB9005D2C4B /* ConfettiView.swift in Sources */,
				44A9FDBB290441A6005C1D4B /* DaysBetweenLineChart.swift in Sources */,
				446885F827BD958C000BA456 /* ContentView.swift in Sources */,
				446885F627BD958C000BA456 /* MyTimeCounterApp.swift in Sources */,
				44D3AFF828FEFB280066A265 /* DatesChart.swift in Sources */,
				44D3AFFA28FF185C0066A265 /* EventList.swift in Sources */,
				44D5209C27DD708B0032BBAD /* DataModel.swift in Sources */,
			);
			runOnlyForDeploymentPostprocessing = 0;
		};
/* End PBXSourcesBuildPhase section */

/* Begin XCBuildConfiguration section */
		446885FE27BD958D000BA456 /* Debug */ = {
			isa = XCBuildConfiguration;
			buildSettings = {
				ALWAYS_SEARCH_USER_PATHS = NO;
				CLANG_ANALYZER_LOCALIZABILITY_NONLOCALIZED = YES;
				CLANG_ANALYZER_NONNULL = YES;
				CLANG_ANALYZER_NUMBER_OBJECT_CONVERSION = YES_AGGRESSIVE;
				CLANG_CXX_LANGUAGE_STANDARD = "gnu++17";
				CLANG_CXX_LIBRARY = "libc++";
				CLANG_ENABLE_MODULES = YES;
				CLANG_ENABLE_OBJC_ARC = YES;
				CLANG_ENABLE_OBJC_WEAK = YES;
				CLANG_WARN_BLOCK_CAPTURE_AUTORELEASING = YES;
				CLANG_WARN_BOOL_CONVERSION = YES;
				CLANG_WARN_COMMA = YES;
				CLANG_WARN_CONSTANT_CONVERSION = YES;
				CLANG_WARN_DEPRECATED_OBJC_IMPLEMENTATIONS = YES;
				CLANG_WARN_DIRECT_OBJC_ISA_USAGE = YES_ERROR;
				CLANG_WARN_DOCUMENTATION_COMMENTS = YES;
				CLANG_WARN_EMPTY_BODY = YES;
				CLANG_WARN_ENUM_CONVERSION = YES;
				CLANG_WARN_INFINITE_RECURSION = YES;
				CLANG_WARN_INT_CONVERSION = YES;
				CLANG_WARN_NON_LITERAL_NULL_CONVERSION = YES;
				CLANG_WARN_OBJC_IMPLICIT_RETAIN_SELF = YES;
				CLANG_WARN_OBJC_LITERAL_CONVERSION = YES;
				CLANG_WARN_OBJC_ROOT_CLASS = YES_ERROR;
				CLANG_WARN_QUOTED_INCLUDE_IN_FRAMEWORK_HEADER = YES;
				CLANG_WARN_RANGE_LOOP_ANALYSIS = YES;
				CLANG_WARN_STRICT_PROTOTYPES = YES;
				CLANG_WARN_SUSPICIOUS_MOVE = YES;
				CLANG_WARN_UNGUARDED_AVAILABILITY = YES_AGGRESSIVE;
				CLANG_WARN_UNREACHABLE_CODE = YES;
				CLANG_WARN__DUPLICATE_METHOD_MATCH = YES;
				COPY_PHASE_STRIP = NO;
				DEBUG_INFORMATION_FORMAT = dwarf;
				ENABLE_STRICT_OBJC_MSGSEND = YES;
				ENABLE_TESTABILITY = YES;
				GCC_C_LANGUAGE_STANDARD = gnu11;
				GCC_DYNAMIC_NO_PIC = NO;
				GCC_NO_COMMON_BLOCKS = YES;
				GCC_OPTIMIZATION_LEVEL = 0;
				GCC_PREPROCESSOR_DEFINITIONS = (
					"DEBUG=1",
					"$(inherited)",
				);
				GCC_WARN_64_TO_32_BIT_CONVERSION = YES;
				GCC_WARN_ABOUT_RETURN_TYPE = YES_ERROR;
				GCC_WARN_UNDECLARED_SELECTOR = YES;
				GCC_WARN_UNINITIALIZED_AUTOS = YES_AGGRESSIVE;
				GCC_WARN_UNUSED_FUNCTION = YES;
				GCC_WARN_UNUSED_VARIABLE = YES;
				IPHONEOS_DEPLOYMENT_TARGET = 16.0;
				LOCALIZATION_PREFERS_STRING_CATALOGS = YES;
				MTL_ENABLE_DEBUG_INFO = INCLUDE_SOURCE;
				MTL_FAST_MATH = YES;
				ONLY_ACTIVE_ARCH = YES;
				SDKROOT = iphoneos;
				SWIFT_ACTIVE_COMPILATION_CONDITIONS = DEBUG;
				SWIFT_EMIT_LOC_STRINGS = YES;
				SWIFT_OPTIMIZATION_LEVEL = "-Onone";
			};
			name = Debug;
		};
		446885FF27BD958D000BA456 /* Release */ = {
			isa = XCBuildConfiguration;
			buildSettings = {
				ALWAYS_SEARCH_USER_PATHS = NO;
				CLANG_ANALYZER_LOCALIZABILITY_NONLOCALIZED = YES;
				CLANG_ANALYZER_NONNULL = YES;
				CLANG_ANALYZER_NUMBER_OBJECT_CONVERSION = YES_AGGRESSIVE;
				CLANG_CXX_LANGUAGE_STANDARD = "gnu++17";
				CLANG_CXX_LIBRARY = "libc++";
				CLANG_ENABLE_MODULES = YES;
				CLANG_ENABLE_OBJC_ARC = YES;
				CLANG_ENABLE_OBJC_WEAK = YES;
				CLANG_WARN_BLOCK_CAPTURE_AUTORELEASING = YES;
				CLANG_WARN_BOOL_CONVERSION = YES;
				CLANG_WARN_COMMA = YES;
				CLANG_WARN_CONSTANT_CONVERSION = YES;
				CLANG_WARN_DEPRECATED_OBJC_IMPLEMENTATIONS = YES;
				CLANG_WARN_DIRECT_OBJC_ISA_USAGE = YES_ERROR;
				CLANG_WARN_DOCUMENTATION_COMMENTS = YES;
				CLANG_WARN_EMPTY_BODY = YES;
				CLANG_WARN_ENUM_CONVERSION = YES;
				CLANG_WARN_INFINITE_RECURSION = YES;
				CLANG_WARN_INT_CONVERSION = YES;
				CLANG_WARN_NON_LITERAL_NULL_CONVERSION = YES;
				CLANG_WARN_OBJC_IMPLICIT_RETAIN_SELF = YES;
				CLANG_WARN_OBJC_LITERAL_CONVERSION = YES;
				CLANG_WARN_OBJC_ROOT_CLASS = YES_ERROR;
				CLANG_WARN_QUOTED_INCLUDE_IN_FRAMEWORK_HEADER = YES;
				CLANG_WARN_RANGE_LOOP_ANALYSIS = YES;
				CLANG_WARN_STRICT_PROTOTYPES = YES;
				CLANG_WARN_SUSPICIOUS_MOVE = YES;
				CLANG_WARN_UNGUARDED_AVAILABILITY = YES_AGGRESSIVE;
				CLANG_WARN_UNREACHABLE_CODE = YES;
				CLANG_WARN__DUPLICATE_METHOD_MATCH = YES;
				COPY_PHASE_STRIP = NO;
				DEBUG_INFORMATION_FORMAT = "dwarf-with-dsym";
				ENABLE_NS_ASSERTIONS = NO;
				ENABLE_STRICT_OBJC_MSGSEND = YES;
				GCC_C_LANGUAGE_STANDARD = gnu11;
				GCC_NO_COMMON_BLOCKS = YES;
				GCC_WARN_64_TO_32_BIT_CONVERSION = YES;
				GCC_WARN_ABOUT_RETURN_TYPE = YES_ERROR;
				GCC_WARN_UNDECLARED_SELECTOR = YES;
				GCC_WARN_UNINITIALIZED_AUTOS = YES_AGGRESSIVE;
				GCC_WARN_UNUSED_FUNCTION = YES;
				GCC_WARN_UNUSED_VARIABLE = YES;
				IPHONEOS_DEPLOYMENT_TARGET = 16.0;
				LOCALIZATION_PREFERS_STRING_CATALOGS = YES;
				MTL_ENABLE_DEBUG_INFO = NO;
				MTL_FAST_MATH = YES;
				SDKROOT = iphoneos;
				SWIFT_COMPILATION_MODE = wholemodule;
				SWIFT_EMIT_LOC_STRINGS = YES;
				SWIFT_OPTIMIZATION_LEVEL = "-O";
				VALIDATE_PRODUCT = YES;
			};
			name = Release;
		};
		4468860127BD958D000BA456 /* Debug */ = {
			isa = XCBuildConfiguration;
			buildSettings = {
				ALWAYS_EMBED_SWIFT_STANDARD_LIBRARIES = YES;
				ASSETCATALOG_COMPILER_APPICON_NAME = AppIcon;
				ASSETCATALOG_COMPILER_GLOBAL_ACCENT_COLOR_NAME = AccentColor;
				CODE_SIGN_STYLE = Automatic;
				CURRENT_PROJECT_VERSION = 1;
				DEVELOPMENT_ASSET_PATHS = "\"MyTimeCounter/Preview Content\"";
				DEVELOPMENT_TEAM = CHK25YBYJC;
				ENABLE_PREVIEWS = YES;
				GENERATE_INFOPLIST_FILE = YES;
				INFOPLIST_KEY_UIApplicationSceneManifest_Generation = YES;
				INFOPLIST_KEY_UIApplicationSupportsIndirectInputEvents = YES;
				INFOPLIST_KEY_UILaunchScreen_Generation = YES;
				INFOPLIST_KEY_UISupportedInterfaceOrientations_iPad = "UIInterfaceOrientationPortrait UIInterfaceOrientationPortraitUpsideDown UIInterfaceOrientationLandscapeLeft UIInterfaceOrientationLandscapeRight";
				INFOPLIST_KEY_UISupportedInterfaceOrientations_iPhone = "UIInterfaceOrientationPortrait UIInterfaceOrientationLandscapeLeft UIInterfaceOrientationLandscapeRight";
				IPHONEOS_DEPLOYMENT_TARGET = 16.0;
				LD_RUNPATH_SEARCH_PATHS = (
					"$(inherited)",
					"@executable_path/Frameworks",
				);
				MARKETING_VERSION = 1.0;
				PRODUCT_BUNDLE_IDENTIFIER = JRG79.MyTimeCounter;
				PRODUCT_NAME = "$(TARGET_NAME)";
				SUPPORTED_PLATFORMS = "iphoneos iphonesimulator";
				SUPPORTS_MACCATALYST = NO;
				SUPPORTS_MAC_DESIGNED_FOR_IPHONE_IPAD = NO;
				SWIFT_EMIT_LOC_STRINGS = YES;
				SWIFT_VERSION = 5.0;
				TARGETED_DEVICE_FAMILY = "1,2";
			};
			name = Debug;
		};
		4468860227BD958D000BA456 /* Release */ = {
			isa = XCBuildConfiguration;
			buildSettings = {
				ALWAYS_EMBED_SWIFT_STANDARD_LIBRARIES = YES;
				ASSETCATALOG_COMPILER_APPICON_NAME = AppIcon;
				ASSETCATALOG_COMPILER_GLOBAL_ACCENT_COLOR_NAME = AccentColor;
				CODE_SIGN_STYLE = Automatic;
				CURRENT_PROJECT_VERSION = 1;
				DEVELOPMENT_ASSET_PATHS = "\"MyTimeCounter/Preview Content\"";
				DEVELOPMENT_TEAM = CHK25YBYJC;
				ENABLE_PREVIEWS = YES;
				GENERATE_INFOPLIST_FILE = YES;
				INFOPLIST_KEY_UIApplicationSceneManifest_Generation = YES;
				INFOPLIST_KEY_UIApplicationSupportsIndirectInputEvents = YES;
				INFOPLIST_KEY_UILaunchScreen_Generation = YES;
				INFOPLIST_KEY_UISupportedInterfaceOrientations_iPad = "UIInterfaceOrientationPortrait UIInterfaceOrientationPortraitUpsideDown UIInterfaceOrientationLandscapeLeft UIInterfaceOrientationLandscapeRight";
				INFOPLIST_KEY_UISupportedInterfaceOrientations_iPhone = "UIInterfaceOrientationPortrait UIInterfaceOrientationLandscapeLeft UIInterfaceOrientationLandscapeRight";
				IPHONEOS_DEPLOYMENT_TARGET = 16.0;
				LD_RUNPATH_SEARCH_PATHS = (
					"$(inherited)",
					"@executable_path/Frameworks",
				);
				MARKETING_VERSION = 1.0;
				PRODUCT_BUNDLE_IDENTIFIER = JRG79.MyTimeCounter;
				PRODUCT_NAME = "$(TARGET_NAME)";
				SUPPORTED_PLATFORMS = "iphoneos iphonesimulator";
				SUPPORTS_MACCATALYST = NO;
				SUPPORTS_MAC_DESIGNED_FOR_IPHONE_IPAD = NO;
				SWIFT_EMIT_LOC_STRINGS = YES;
				SWIFT_VERSION = 5.0;
				TARGETED_DEVICE_FAMILY = "1,2";
			};
			name = Release;
		};
/* End XCBuildConfiguration section */

/* Begin XCConfigurationList section */
		446885ED27BD958C000BA456 /* Build configuration list for PBXProject "MyTimeCounter" */ = {
			isa = XCConfigurationList;
			buildConfigurations = (
				446885FE27BD958D000BA456 /* Debug */,
				446885FF27BD958D000BA456 /* Release */,
			);
			defaultConfigurationIsVisible = 0;
			defaultConfigurationName = Release;
		};
		4468860027BD958D000BA456 /* Build configuration list for PBXNativeTarget "MyTimeCounter" */ = {
			isa = XCConfigurationList;
			buildConfigurations = (
				4468860127BD958D000BA456 /* Debug */,
				4468860227BD958D000BA456 /* Release */,
			);
			defaultConfigurationIsVisible = 0;
			defaultConfigurationName = Release;
		};
/* End XCConfigurationList section */
	};
	rootObject = 446885EA27BD958C000BA456 /* Project object */;
}
